
Microsoft Visual Studio Solution File, Format Version 12.00
# Visual Studio Version 17
VisualStudioVersion = 17.6.33712.159
MinimumVisualStudioVersion = 10.0.40219.1
Project("{FAE04EC0-301F-11D3-BF4B-00C04F79EFBC}") = "Warehouse-accounting", "Warehouse-accounting\Warehouse-accounting.csproj", "{9BB52AF2-082B-4EAA-9E84-835DF488299A}"
EndProject
Global
	GlobalSection(SolutionConfigurationPlatforms) = preSolution
		Debug|Any CPU = Debug|Any CPU
		Release|Any CPU = Release|Any CPU
	EndGlobalSection
	GlobalSection(ProjectConfigurationPlatforms) = postSolution
		{9BB52AF2-082B-4EAA-9E84-835DF488299A}.Debug|Any CPU.ActiveCfg = Debug|Any CPU
		{9BB52AF2-082B-4EAA-9E84-835DF488299A}.Debug|Any CPU.Build.0 = Debug|Any CPU
		{9BB52AF2-082B-4EAA-9E84-835DF488299A}.Release|Any CPU.ActiveCfg = Release|Any CPU
		{9BB52AF2-082B-4EAA-9E84-835DF488299A}.Release|Any CPU.Build.0 = Release|Any CPU
	EndGlobalSection
	GlobalSection(SolutionProperties) = preSolution
		HideSolutionNode = FALSE
	EndGlobalSection
	GlobalSection(ExtensibilityGlobals) = postSolution
		SolutionGuid = {C0C15A86-D3E9-47E6-9212-8A7AFAE04BD1}
	EndGlobalSection
EndGlobal
